
Microsoft Visual Studio Solution File, Format Version 12.00
# Visual Studio 14
VisualStudioVersion = 14.0.25420.1
MinimumVisualStudioVersion = 10.0.40219.1
Project("{FAE04EC0-301F-11D3-BF4B-00C04F79EFBC}") = "AntSharesCore", "AntSharesCore\AntSharesCore.csproj", "{BCD6B896-6CD0-4601-AA13-5672A15E0CAD}"
EndProject
Project("{FAE04EC0-301F-11D3-BF4B-00C04F79EFBC}") = "AntSharesUI", "AntSharesUI\AntSharesUI.csproj", "{CFC243F0-F4E3-4754-8E21-8BA17E1C1788}"
EndProject
Project("{FAE04EC0-301F-11D3-BF4B-00C04F79EFBC}") = "Miner", "Miner\Miner.csproj", "{58870D2E-9DAE-41EF-9766-17C39238ED0F}"
EndProject
Project("{FAE04EC0-301F-11D3-BF4B-00C04F79EFBC}") = "AntSharesDaemon", "AntSharesDaemon\AntSharesDaemon.csproj", "{3E7DD63A-6AD5-41F1-837D-42C11694246C}"
EndProject
Global
	GlobalSection(SolutionConfigurationPlatforms) = preSolution
		Debug|Any CPU = Debug|Any CPU
		Release|Any CPU = Release|Any CPU
	EndGlobalSection
	GlobalSection(ProjectConfigurationPlatforms) = postSolution
		{BCD6B896-6CD0-4601-AA13-5672A15E0CAD}.Debug|Any CPU.ActiveCfg = Debug|Any CPU
		{BCD6B896-6CD0-4601-AA13-5672A15E0CAD}.Debug|Any CPU.Build.0 = Debug|Any CPU
		{BCD6B896-6CD0-4601-AA13-5672A15E0CAD}.Release|Any CPU.ActiveCfg = Release|Any CPU
		{BCD6B896-6CD0-4601-AA13-5672A15E0CAD}.Release|Any CPU.Build.0 = Release|Any CPU
		{CFC243F0-F4E3-4754-8E21-8BA17E1C1788}.Debug|Any CPU.ActiveCfg = Debug|Any CPU
		{CFC243F0-F4E3-4754-8E21-8BA17E1C1788}.Debug|Any CPU.Build.0 = Debug|Any CPU
		{CFC243F0-F4E3-4754-8E21-8BA17E1C1788}.Release|Any CPU.ActiveCfg = Release|Any CPU
		{CFC243F0-F4E3-4754-8E21-8BA17E1C1788}.Release|Any CPU.Build.0 = Release|Any CPU
		{58870D2E-9DAE-41EF-9766-17C39238ED0F}.Debug|Any CPU.ActiveCfg = Debug|Any CPU
		{58870D2E-9DAE-41EF-9766-17C39238ED0F}.Debug|Any CPU.Build.0 = Debug|Any CPU
		{58870D2E-9DAE-41EF-9766-17C39238ED0F}.Release|Any CPU.ActiveCfg = Release|Any CPU
		{58870D2E-9DAE-41EF-9766-17C39238ED0F}.Release|Any CPU.Build.0 = Release|Any CPU
		{3E7DD63A-6AD5-41F1-837D-42C11694246C}.Debug|Any CPU.ActiveCfg = Debug|Any CPU
		{3E7DD63A-6AD5-41F1-837D-42C11694246C}.Debug|Any CPU.Build.0 = Debug|Any CPU
		{3E7DD63A-6AD5-41F1-837D-42C11694246C}.Release|Any CPU.ActiveCfg = Release|Any CPU
		{3E7DD63A-6AD5-41F1-837D-42C11694246C}.Release|Any CPU.Build.0 = Release|Any CPU
	EndGlobalSection
	GlobalSection(SolutionProperties) = preSolution
		HideSolutionNode = FALSE
	EndGlobalSection
EndGlobal
