
Microsoft Visual Studio Solution File, Format Version 12.00
# Visual Studio 14
VisualStudioVersion = 14.0.25420.1
MinimumVisualStudioVersion = 10.0.40219.1
Project("{2150E333-8FDC-42A3-9474-1A3956D46DE8}") = "src", "src", "{83696BE0-E444-44DD-9C0D-A61CACFC95E1}"
EndProject
Project("{2150E333-8FDC-42A3-9474-1A3956D46DE8}") = "Solution Items", "Solution Items", "{3A0A81D5-44F5-45EB-BA2F-E1788CF917C8}"
	ProjectSection(SolutionItems) = preProject
		global.json = global.json
	EndProjectSection
EndProject
Project("{8BB2217D-0F2D-49D1-97BC-3654ED321F3B}") = "AntShares", "src\AntShares\AntShares.xproj", "{36447A9B-0311-4D4D-A3D5-AECBE9C15BBC}"
EndProject
Global
	GlobalSection(SolutionConfigurationPlatforms) = preSolution
		Debug|Any CPU = Debug|Any CPU
		Release|Any CPU = Release|Any CPU
	EndGlobalSection
	GlobalSection(ProjectConfigurationPlatforms) = postSolution
		{36447A9B-0311-4D4D-A3D5-AECBE9C15BBC}.Debug|Any CPU.ActiveCfg = Debug|Any CPU
		{36447A9B-0311-4D4D-A3D5-AECBE9C15BBC}.Debug|Any CPU.Build.0 = Debug|Any CPU
		{36447A9B-0311-4D4D-A3D5-AECBE9C15BBC}.Release|Any CPU.ActiveCfg = Release|Any CPU
		{36447A9B-0311-4D4D-A3D5-AECBE9C15BBC}.Release|Any CPU.Build.0 = Release|Any CPU
	EndGlobalSection
	GlobalSection(SolutionProperties) = preSolution
		HideSolutionNode = FALSE
	EndGlobalSection
	GlobalSection(NestedProjects) = preSolution
		{36447A9B-0311-4D4D-A3D5-AECBE9C15BBC} = {83696BE0-E444-44DD-9C0D-A61CACFC95E1}
	EndGlobalSection
EndGlobal
