Microsoft Visual Studio Solution File, Format Version 12.00
# Visual Studio Version 17
VisualStudioVersion = 17.2.32516.85
MinimumVisualStudioVersion = 10.0.40219.1
Project("{9A19103F-16F7-4668-BE54-9A1E7A4F7556}") = "Neo", "src\Neo\Neo.csproj", "{36447A9B-0311-4D4D-A3D5-AECBE9C15BBC}"
EndProject
Project("{9A19103F-16F7-4668-BE54-9A1E7A4F7556}") = "Neo.Json", "src\Neo.Json\Neo.Json.csproj", "{6B709ED6-64C0-451D-B07F-8F49185AE191}"
EndProject
Project("{9A19103F-16F7-4668-BE54-9A1E7A4F7556}") = "Neo.UnitTests", "tests\Neo.UnitTests\Neo.UnitTests.csproj", "{5B783B30-B422-4C2F-AC22-187A8D1993F4}"
EndProject
Project("{9A19103F-16F7-4668-BE54-9A1E7A4F7556}") = "Neo.Json.UnitTests", "tests\Neo.Json.UnitTests\Neo.Json.UnitTests.csproj", "{AE6C32EE-8447-4E01-8187-2AE02BB64251}"
EndProject
Project("{9A19103F-16F7-4668-BE54-9A1E7A4F7556}") = "Neo.Benchmarks", "benchmarks\Neo.Benchmarks\Neo.Benchmarks.csproj", "{BCD03521-5F8F-4775-9ADF-FA361480804F}"
EndProject
Project("{2150E333-8FDC-42A3-9474-1A3956D46DE8}") = "src", "src", "{B5339DF7-5D1D-43BA-B332-74B825E1770E}"
EndProject
Project("{2150E333-8FDC-42A3-9474-1A3956D46DE8}") = "tests", "tests", "{EDE05FA8-8E73-4924-BC63-DD117127EEE1}"
EndProject
Project("{2150E333-8FDC-42A3-9474-1A3956D46DE8}") = "benchmarks", "benchmarks", "{C25EB0B0-0CAC-4CC1-8F36-F9229EFB99EC}"
EndProject
Project("{9A19103F-16F7-4668-BE54-9A1E7A4F7556}") = "Neo.VM.Benchmarks", "benchmarks\Neo.VM.Benchmarks\Neo.VM.Benchmarks.csproj", "{E83633BA-FCF0-4A1A-B5BC-42000E24D437}"
EndProject
Project("{9A19103F-16F7-4668-BE54-9A1E7A4F7556}") = "Neo.VM", "src\Neo.VM\Neo.VM.csproj", "{0603710E-E0BA-494C-AA0F-6FB0C8A8C754}"
EndProject
Project("{9A19103F-16F7-4668-BE54-9A1E7A4F7556}") = "Neo.VM.Tests", "tests\Neo.VM.Tests\Neo.VM.Tests.csproj", "{005F84EB-EA2E-449F-930A-7B4173DDC7EC}"
EndProject
Project("{FAE04EC0-301F-11D3-BF4B-00C04F79EFBC}") = "Neo.ConsoleService", "src\Neo.ConsoleService\Neo.ConsoleService.csproj", "{9E886812-7243-48D8-BEAF-47AADC11C054}"
EndProject
Project("{FAE04EC0-301F-11D3-BF4B-00C04F79EFBC}") = "Neo.GUI", "src\Neo.GUI\Neo.GUI.csproj", "{02ABDE42-9880-43B4-B6F7-8D618602A277}"
EndProject
Project("{FAE04EC0-301F-11D3-BF4B-00C04F79EFBC}") = "Neo.CLI", "src\Neo.CLI\Neo.CLI.csproj", "{BDFBE455-4C1F-4FC4-B5FC-1387B93A8687}"
EndProject
Project("{FAE04EC0-301F-11D3-BF4B-00C04F79EFBC}") = "Neo.ConsoleService.Tests", "tests\Neo.ConsoleService.Tests\Neo.ConsoleService.Tests.csproj", "{B40F8584-5AFB-452C-AEFA-009C80CC23A9}"
EndProject
Project("{9A19103F-16F7-4668-BE54-9A1E7A4F7556}") = "Neo.Cryptography.BLS12_381.Tests", "tests\Neo.Cryptography.BLS12_381.Tests\Neo.Cryptography.BLS12_381.Tests.csproj", "{387CCF6C-9A26-43F6-A639-0A82E91E10D8}"
EndProject
Project("{2150E333-8FDC-42A3-9474-1A3956D46DE8}") = "Neo.Cryptography", "Neo.Cryptography", "{966CBFD1-E9D4-4BD6-9AC0-9EAFD3C79414}"
EndProject
Project("{FAE04EC0-301F-11D3-BF4B-00C04F79EFBC}") = "Neo.Cryptography.Crypto", "src\Neo.Cryptography\Neo.Cryptography.Crypto\Neo.Cryptography.Crypto.csproj", "{7E770845-381A-4CA8-8891-1718B67DF447}"
EndProject
Project("{FAE04EC0-301F-11D3-BF4B-00C04F79EFBC}") = "Neo.Cryptography.Base58", "src\Neo.Cryptography\Neo.Cryptography.Base58\Neo.Cryptography.Base58.csproj", "{E110180F-D4D0-4762-B3A1-CEDCAE9818A2}"
EndProject
Project("{FAE04EC0-301F-11D3-BF4B-00C04F79EFBC}") = "Neo.Cryptography.MerkleTree", "src\Neo.Cryptography\Neo.Cryptography.MerkleTree\Neo.Cryptography.MerkleTree.csproj", "{E0FD0B86-8EC4-4D59-9472-6F986EC453E5}"
EndProject
Project("{FAE04EC0-301F-11D3-BF4B-00C04F79EFBC}") = "Neo.Cryptography.MPTTrie", "src\Neo.Cryptography\Neo.Cryptography.MPTTrie\Neo.Cryptography.MPTTrie.csproj", "{05FCF6CF-6B93-4BF7-A6B5-756A9EB6F598}"
EndProject
Project("{FAE04EC0-301F-11D3-BF4B-00C04F79EFBC}") = "Neo.Cryptography.BloomFilter", "src\Neo.Cryptography\Neo.Cryptography.BloomFilter\Neo.Cryptography.BloomFilter.csproj", "{C036F3DE-B496-4104-B875-7DD8C6A0EA82}"
EndProject
Project("{FAE04EC0-301F-11D3-BF4B-00C04F79EFBC}") = "Neo.Cryptography.Murmur", "src\Neo.Cryptography\Neo.Cryptography.Murmur\Neo.Cryptography.Murmur.csproj", "{4F43AD8D-D8C1-4564-ABEB-7582BD6D13AC}"
EndProject
Project("{FAE04EC0-301F-11D3-BF4B-00C04F79EFBC}") = "Neo.Cryptography.Utility", "src\Neo.Cryptography\Neo.Cryptography.Utility\Neo.Cryptography.Utility.csproj", "{858B7FFC-6BA5-424F-83D8-FF8006137DBF}"
EndProject
Project("{FAE04EC0-301F-11D3-BF4B-00C04F79EFBC}") = "Neo.Cryptography.RIPEMD160", "src\Neo.Cryptography\Neo.Cryptography.RIPEMD160\Neo.Cryptography.RIPEMD160.csproj", "{B8DA6C1B-31FB-455F-9EB7-2957F7FCF690}"
EndProject
Project("{FAE04EC0-301F-11D3-BF4B-00C04F79EFBC}") = "Neo.Cryptography.BLS12_381", "src\Neo.Cryptography\Neo.Cryptography.BLS12_381\Neo.Cryptography.BLS12_381.csproj", "{CCB70BA8-0941-4492-92BF-4671F98ECD68}"
EndProject
Global
	GlobalSection(SolutionConfigurationPlatforms) = preSolution
		Debug|Any CPU = Debug|Any CPU
		Release|Any CPU = Release|Any CPU
	EndGlobalSection
	GlobalSection(ProjectConfigurationPlatforms) = postSolution
		{36447A9B-0311-4D4D-A3D5-AECBE9C15BBC}.Debug|Any CPU.ActiveCfg = Debug|Any CPU
		{36447A9B-0311-4D4D-A3D5-AECBE9C15BBC}.Debug|Any CPU.Build.0 = Debug|Any CPU
		{36447A9B-0311-4D4D-A3D5-AECBE9C15BBC}.Release|Any CPU.ActiveCfg = Release|Any CPU
		{36447A9B-0311-4D4D-A3D5-AECBE9C15BBC}.Release|Any CPU.Build.0 = Release|Any CPU
		{6B709ED6-64C0-451D-B07F-8F49185AE191}.Debug|Any CPU.ActiveCfg = Debug|Any CPU
		{6B709ED6-64C0-451D-B07F-8F49185AE191}.Debug|Any CPU.Build.0 = Debug|Any CPU
		{6B709ED6-64C0-451D-B07F-8F49185AE191}.Release|Any CPU.ActiveCfg = Release|Any CPU
		{6B709ED6-64C0-451D-B07F-8F49185AE191}.Release|Any CPU.Build.0 = Release|Any CPU
		{5B783B30-B422-4C2F-AC22-187A8D1993F4}.Debug|Any CPU.ActiveCfg = Debug|Any CPU
		{5B783B30-B422-4C2F-AC22-187A8D1993F4}.Debug|Any CPU.Build.0 = Debug|Any CPU
		{5B783B30-B422-4C2F-AC22-187A8D1993F4}.Release|Any CPU.ActiveCfg = Release|Any CPU
		{5B783B30-B422-4C2F-AC22-187A8D1993F4}.Release|Any CPU.Build.0 = Release|Any CPU
		{AE6C32EE-8447-4E01-8187-2AE02BB64251}.Debug|Any CPU.ActiveCfg = Debug|Any CPU
		{AE6C32EE-8447-4E01-8187-2AE02BB64251}.Debug|Any CPU.Build.0 = Debug|Any CPU
		{AE6C32EE-8447-4E01-8187-2AE02BB64251}.Release|Any CPU.ActiveCfg = Release|Any CPU
		{AE6C32EE-8447-4E01-8187-2AE02BB64251}.Release|Any CPU.Build.0 = Release|Any CPU
		{BCD03521-5F8F-4775-9ADF-FA361480804F}.Debug|Any CPU.ActiveCfg = Debug|Any CPU
		{BCD03521-5F8F-4775-9ADF-FA361480804F}.Debug|Any CPU.Build.0 = Debug|Any CPU
		{BCD03521-5F8F-4775-9ADF-FA361480804F}.Release|Any CPU.ActiveCfg = Release|Any CPU
		{BCD03521-5F8F-4775-9ADF-FA361480804F}.Release|Any CPU.Build.0 = Release|Any CPU
		{E83633BA-FCF0-4A1A-B5BC-42000E24D437}.Debug|Any CPU.ActiveCfg = Debug|Any CPU
		{E83633BA-FCF0-4A1A-B5BC-42000E24D437}.Debug|Any CPU.Build.0 = Debug|Any CPU
		{E83633BA-FCF0-4A1A-B5BC-42000E24D437}.Release|Any CPU.ActiveCfg = Release|Any CPU
		{E83633BA-FCF0-4A1A-B5BC-42000E24D437}.Release|Any CPU.Build.0 = Release|Any CPU
		{0603710E-E0BA-494C-AA0F-6FB0C8A8C754}.Debug|Any CPU.ActiveCfg = Debug|Any CPU
		{0603710E-E0BA-494C-AA0F-6FB0C8A8C754}.Debug|Any CPU.Build.0 = Debug|Any CPU
		{0603710E-E0BA-494C-AA0F-6FB0C8A8C754}.Release|Any CPU.ActiveCfg = Release|Any CPU
		{0603710E-E0BA-494C-AA0F-6FB0C8A8C754}.Release|Any CPU.Build.0 = Release|Any CPU
		{005F84EB-EA2E-449F-930A-7B4173DDC7EC}.Debug|Any CPU.ActiveCfg = Debug|Any CPU
		{005F84EB-EA2E-449F-930A-7B4173DDC7EC}.Debug|Any CPU.Build.0 = Debug|Any CPU
		{005F84EB-EA2E-449F-930A-7B4173DDC7EC}.Release|Any CPU.ActiveCfg = Release|Any CPU
		{005F84EB-EA2E-449F-930A-7B4173DDC7EC}.Release|Any CPU.Build.0 = Release|Any CPU
		{9E886812-7243-48D8-BEAF-47AADC11C054}.Debug|Any CPU.ActiveCfg = Debug|Any CPU
		{9E886812-7243-48D8-BEAF-47AADC11C054}.Debug|Any CPU.Build.0 = Debug|Any CPU
		{9E886812-7243-48D8-BEAF-47AADC11C054}.Release|Any CPU.ActiveCfg = Release|Any CPU
		{9E886812-7243-48D8-BEAF-47AADC11C054}.Release|Any CPU.Build.0 = Release|Any CPU
		{02ABDE42-9880-43B4-B6F7-8D618602A277}.Debug|Any CPU.ActiveCfg = Debug|Any CPU
		{02ABDE42-9880-43B4-B6F7-8D618602A277}.Debug|Any CPU.Build.0 = Debug|Any CPU
		{02ABDE42-9880-43B4-B6F7-8D618602A277}.Release|Any CPU.ActiveCfg = Release|Any CPU
		{02ABDE42-9880-43B4-B6F7-8D618602A277}.Release|Any CPU.Build.0 = Release|Any CPU
		{BDFBE455-4C1F-4FC4-B5FC-1387B93A8687}.Debug|Any CPU.ActiveCfg = Debug|Any CPU
		{BDFBE455-4C1F-4FC4-B5FC-1387B93A8687}.Debug|Any CPU.Build.0 = Debug|Any CPU
		{BDFBE455-4C1F-4FC4-B5FC-1387B93A8687}.Release|Any CPU.ActiveCfg = Release|Any CPU
		{BDFBE455-4C1F-4FC4-B5FC-1387B93A8687}.Release|Any CPU.Build.0 = Release|Any CPU
		{B40F8584-5AFB-452C-AEFA-009C80CC23A9}.Debug|Any CPU.ActiveCfg = Debug|Any CPU
		{B40F8584-5AFB-452C-AEFA-009C80CC23A9}.Debug|Any CPU.Build.0 = Debug|Any CPU
		{B40F8584-5AFB-452C-AEFA-009C80CC23A9}.Release|Any CPU.ActiveCfg = Release|Any CPU
		{B40F8584-5AFB-452C-AEFA-009C80CC23A9}.Release|Any CPU.Build.0 = Release|Any CPU
		{387CCF6C-9A26-43F6-A639-0A82E91E10D8}.Debug|Any CPU.ActiveCfg = Debug|Any CPU
		{387CCF6C-9A26-43F6-A639-0A82E91E10D8}.Debug|Any CPU.Build.0 = Debug|Any CPU
		{387CCF6C-9A26-43F6-A639-0A82E91E10D8}.Release|Any CPU.ActiveCfg = Release|Any CPU
		{387CCF6C-9A26-43F6-A639-0A82E91E10D8}.Release|Any CPU.Build.0 = Release|Any CPU
		{7E770845-381A-4CA8-8891-1718B67DF447}.Debug|Any CPU.ActiveCfg = Debug|Any CPU
		{7E770845-381A-4CA8-8891-1718B67DF447}.Debug|Any CPU.Build.0 = Debug|Any CPU
		{7E770845-381A-4CA8-8891-1718B67DF447}.Release|Any CPU.ActiveCfg = Release|Any CPU
		{7E770845-381A-4CA8-8891-1718B67DF447}.Release|Any CPU.Build.0 = Release|Any CPU
		{E110180F-D4D0-4762-B3A1-CEDCAE9818A2}.Debug|Any CPU.ActiveCfg = Debug|Any CPU
		{E110180F-D4D0-4762-B3A1-CEDCAE9818A2}.Debug|Any CPU.Build.0 = Debug|Any CPU
		{E110180F-D4D0-4762-B3A1-CEDCAE9818A2}.Release|Any CPU.ActiveCfg = Release|Any CPU
		{E110180F-D4D0-4762-B3A1-CEDCAE9818A2}.Release|Any CPU.Build.0 = Release|Any CPU
		{E0FD0B86-8EC4-4D59-9472-6F986EC453E5}.Debug|Any CPU.ActiveCfg = Debug|Any CPU
		{E0FD0B86-8EC4-4D59-9472-6F986EC453E5}.Debug|Any CPU.Build.0 = Debug|Any CPU
		{E0FD0B86-8EC4-4D59-9472-6F986EC453E5}.Release|Any CPU.ActiveCfg = Release|Any CPU
		{E0FD0B86-8EC4-4D59-9472-6F986EC453E5}.Release|Any CPU.Build.0 = Release|Any CPU
		{05FCF6CF-6B93-4BF7-A6B5-756A9EB6F598}.Debug|Any CPU.ActiveCfg = Debug|Any CPU
		{05FCF6CF-6B93-4BF7-A6B5-756A9EB6F598}.Debug|Any CPU.Build.0 = Debug|Any CPU
		{05FCF6CF-6B93-4BF7-A6B5-756A9EB6F598}.Release|Any CPU.ActiveCfg = Release|Any CPU
		{05FCF6CF-6B93-4BF7-A6B5-756A9EB6F598}.Release|Any CPU.Build.0 = Release|Any CPU
		{C036F3DE-B496-4104-B875-7DD8C6A0EA82}.Debug|Any CPU.ActiveCfg = Debug|Any CPU
		{C036F3DE-B496-4104-B875-7DD8C6A0EA82}.Debug|Any CPU.Build.0 = Debug|Any CPU
		{C036F3DE-B496-4104-B875-7DD8C6A0EA82}.Release|Any CPU.ActiveCfg = Release|Any CPU
		{C036F3DE-B496-4104-B875-7DD8C6A0EA82}.Release|Any CPU.Build.0 = Release|Any CPU
		{4F43AD8D-D8C1-4564-ABEB-7582BD6D13AC}.Debug|Any CPU.ActiveCfg = Debug|Any CPU
		{4F43AD8D-D8C1-4564-ABEB-7582BD6D13AC}.Debug|Any CPU.Build.0 = Debug|Any CPU
		{4F43AD8D-D8C1-4564-ABEB-7582BD6D13AC}.Release|Any CPU.ActiveCfg = Release|Any CPU
		{4F43AD8D-D8C1-4564-ABEB-7582BD6D13AC}.Release|Any CPU.Build.0 = Release|Any CPU
		{858B7FFC-6BA5-424F-83D8-FF8006137DBF}.Debug|Any CPU.ActiveCfg = Debug|Any CPU
		{858B7FFC-6BA5-424F-83D8-FF8006137DBF}.Debug|Any CPU.Build.0 = Debug|Any CPU
		{858B7FFC-6BA5-424F-83D8-FF8006137DBF}.Release|Any CPU.ActiveCfg = Release|Any CPU
		{858B7FFC-6BA5-424F-83D8-FF8006137DBF}.Release|Any CPU.Build.0 = Release|Any CPU
		{B8DA6C1B-31FB-455F-9EB7-2957F7FCF690}.Debug|Any CPU.ActiveCfg = Debug|Any CPU
		{B8DA6C1B-31FB-455F-9EB7-2957F7FCF690}.Debug|Any CPU.Build.0 = Debug|Any CPU
		{B8DA6C1B-31FB-455F-9EB7-2957F7FCF690}.Release|Any CPU.ActiveCfg = Release|Any CPU
		{B8DA6C1B-31FB-455F-9EB7-2957F7FCF690}.Release|Any CPU.Build.0 = Release|Any CPU
		{CCB70BA8-0941-4492-92BF-4671F98ECD68}.Debug|Any CPU.ActiveCfg = Debug|Any CPU
		{CCB70BA8-0941-4492-92BF-4671F98ECD68}.Debug|Any CPU.Build.0 = Debug|Any CPU
		{CCB70BA8-0941-4492-92BF-4671F98ECD68}.Release|Any CPU.ActiveCfg = Release|Any CPU
		{CCB70BA8-0941-4492-92BF-4671F98ECD68}.Release|Any CPU.Build.0 = Release|Any CPU
	EndGlobalSection
	GlobalSection(SolutionProperties) = preSolution
		HideSolutionNode = FALSE
	EndGlobalSection
	GlobalSection(NestedProjects) = preSolution
		{36447A9B-0311-4D4D-A3D5-AECBE9C15BBC} = {B5339DF7-5D1D-43BA-B332-74B825E1770E}
		{6B709ED6-64C0-451D-B07F-8F49185AE191} = {B5339DF7-5D1D-43BA-B332-74B825E1770E}
		{5B783B30-B422-4C2F-AC22-187A8D1993F4} = {EDE05FA8-8E73-4924-BC63-DD117127EEE1}
		{AE6C32EE-8447-4E01-8187-2AE02BB64251} = {EDE05FA8-8E73-4924-BC63-DD117127EEE1}
		{BCD03521-5F8F-4775-9ADF-FA361480804F} = {C25EB0B0-0CAC-4CC1-8F36-F9229EFB99EC}
		{E83633BA-FCF0-4A1A-B5BC-42000E24D437} = {C25EB0B0-0CAC-4CC1-8F36-F9229EFB99EC}
		{0603710E-E0BA-494C-AA0F-6FB0C8A8C754} = {B5339DF7-5D1D-43BA-B332-74B825E1770E}
		{005F84EB-EA2E-449F-930A-7B4173DDC7EC} = {EDE05FA8-8E73-4924-BC63-DD117127EEE1}
		{9E886812-7243-48D8-BEAF-47AADC11C054} = {B5339DF7-5D1D-43BA-B332-74B825E1770E}
		{02ABDE42-9880-43B4-B6F7-8D618602A277} = {B5339DF7-5D1D-43BA-B332-74B825E1770E}
		{BDFBE455-4C1F-4FC4-B5FC-1387B93A8687} = {B5339DF7-5D1D-43BA-B332-74B825E1770E}
		{B40F8584-5AFB-452C-AEFA-009C80CC23A9} = {EDE05FA8-8E73-4924-BC63-DD117127EEE1}
		{387CCF6C-9A26-43F6-A639-0A82E91E10D8} = {EDE05FA8-8E73-4924-BC63-DD117127EEE1}
		{966CBFD1-E9D4-4BD6-9AC0-9EAFD3C79414} = {B5339DF7-5D1D-43BA-B332-74B825E1770E}
		{7E770845-381A-4CA8-8891-1718B67DF447} = {966CBFD1-E9D4-4BD6-9AC0-9EAFD3C79414}
		{E110180F-D4D0-4762-B3A1-CEDCAE9818A2} = {966CBFD1-E9D4-4BD6-9AC0-9EAFD3C79414}
		{E0FD0B86-8EC4-4D59-9472-6F986EC453E5} = {966CBFD1-E9D4-4BD6-9AC0-9EAFD3C79414}
		{05FCF6CF-6B93-4BF7-A6B5-756A9EB6F598} = {966CBFD1-E9D4-4BD6-9AC0-9EAFD3C79414}
		{C036F3DE-B496-4104-B875-7DD8C6A0EA82} = {966CBFD1-E9D4-4BD6-9AC0-9EAFD3C79414}
		{4F43AD8D-D8C1-4564-ABEB-7582BD6D13AC} = {966CBFD1-E9D4-4BD6-9AC0-9EAFD3C79414}
		{858B7FFC-6BA5-424F-83D8-FF8006137DBF} = {966CBFD1-E9D4-4BD6-9AC0-9EAFD3C79414}
		{B8DA6C1B-31FB-455F-9EB7-2957F7FCF690} = {966CBFD1-E9D4-4BD6-9AC0-9EAFD3C79414}
		{CCB70BA8-0941-4492-92BF-4671F98ECD68} = {966CBFD1-E9D4-4BD6-9AC0-9EAFD3C79414}
	EndGlobalSection
	GlobalSection(ExtensibilityGlobals) = postSolution
		SolutionGuid = {BCBA19D9-F868-4C6D-8061-A2B91E06E3EC}
	EndGlobalSection
EndGlobal
