
Microsoft Visual Studio Solution File, Format Version 12.00
# Visual Studio Version 17
VisualStudioVersion = 17.5.002.0
MinimumVisualStudioVersion = 10.0.40219.1
Project("{9A19103F-16F7-4668-BE54-9A1E7A4F7556}") = "Neo.VM", "Neo.VM.csproj", "{F54FEAE5-EA1F-456C-8465-A2E350F69728}"
EndProject
Global
	GlobalSection(SolutionConfigurationPlatforms) = preSolution
		Debug|Any CPU = Debug|Any CPU
		Release|Any CPU = Release|Any CPU
	EndGlobalSection
	GlobalSection(ProjectConfigurationPlatforms) = postSolution
		{F54FEAE5-EA1F-456C-8465-A2E350F69728}.Debug|Any CPU.ActiveCfg = Debug|Any CPU
		{F54FEAE5-EA1F-456C-8465-A2E350F69728}.Debug|Any CPU.Build.0 = Debug|Any CPU
		{F54FEAE5-EA1F-456C-8465-A2E350F69728}.Release|Any CPU.ActiveCfg = Release|Any CPU
		{F54FEAE5-EA1F-456C-8465-A2E350F69728}.Release|Any CPU.Build.0 = Release|Any CPU
	EndGlobalSection
	GlobalSection(SolutionProperties) = preSolution
		HideSolutionNode = FALSE
	EndGlobalSection
	GlobalSection(ExtensibilityGlobals) = postSolution
		SolutionGuid = {4DE6DE43-FC22-4761-A45D-18647AE8C8A1}
	EndGlobalSection
EndGlobal
